
Microsoft Visual Studio Solution File, Format Version 12.00
# Visual Studio Version 16
VisualStudioVersion = 16.0.30907.101
MinimumVisualStudioVersion = 10.0.40219.1
Project("{9A19103F-16F7-4668-BE54-9A1E7A4F7556}") = "KampIntro", "KampIntro\KampIntro.csproj", "{EAE81E84-C3D1-40E0-9E57-594BDF7D2494}"
EndProject
Project("{9A19103F-16F7-4668-BE54-9A1E7A4F7556}") = "Donguler", "Donguler\Donguler.csproj", "{DD2EF77F-8FA0-42C6-8298-5441BC326A8B}"
EndProject
Project("{9A19103F-16F7-4668-BE54-9A1E7A4F7556}") = "ClassIntro", "ClassIntro\ClassIntro.csproj", "{07071821-8EE0-41E1-968C-C426BF6D150F}"
EndProject
Project("{9A19103F-16F7-4668-BE54-9A1E7A4F7556}") = "Metodlar", "Metodlar\Metodlar.csproj", "{12E56EC7-D02D-475C-BB1C-E7F913F93755}"
EndProject
Project("{9A19103F-16F7-4668-BE54-9A1E7A4F7556}") = "Matematik", "Matematik\Matematik.csproj", "{69F7391F-5D1C-44CE-89E5-DB9692FC6876}"
EndProject
Project("{9A19103F-16F7-4668-BE54-9A1E7A4F7556}") = "DegerVeReferansTipler", "DegerVeReferansTipler\DegerVeReferansTipler.csproj", "{640FD5D0-548D-4857-80AB-A1D2835ED17B}"
EndProject
Project("{9A19103F-16F7-4668-BE54-9A1E7A4F7556}") = "OOP1", "OOP1\OOP1.csproj", "{A1CE909D-539F-4121-BAB9-984B8E55DA0D}"
EndProject
Project("{9A19103F-16F7-4668-BE54-9A1E7A4F7556}") = "Koleksiyonlar", "Koleksiyonlar\Koleksiyonlar.csproj", "{E2C9E3CA-CF40-4C6A-8E33-B6333DDA2465}"
EndProject
Project("{9A19103F-16F7-4668-BE54-9A1E7A4F7556}") = "OOP2", "OOP2\OOP2.csproj", "{D093D225-87D5-46E5-B57A-F92A61DD003E}"
EndProject
Project("{9A19103F-16F7-4668-BE54-9A1E7A4F7556}") = "OOP3", "OOP3\OOP3.csproj", "{FDBE902A-A245-4EF8-9AA1-EA55424D10FA}"
EndProject
Project("{9A19103F-16F7-4668-BE54-9A1E7A4F7556}") = "Methods", "Methods\Methods.csproj", "{0E805434-AF1E-4DEA-ACB5-C0CC892DA25F}"
EndProject
Project("{9A19103F-16F7-4668-BE54-9A1E7A4F7556}") = "ClassMethodDemo", "ClassMethodDemo\ClassMethodDemo.csproj", "{E6CF6B91-9B09-403F-B0DA-AF9202C577E2}"
EndProject
Project("{9A19103F-16F7-4668-BE54-9A1E7A4F7556}") = "GenericsIntro", "GenericsIntro\GenericsIntro.csproj", "{83AFFEAB-6616-4EFF-A1AB-5778D09FBE9D}"
EndProject
Project("{FAE04EC0-301F-11D3-BF4B-00C04F79EFBC}") = "ReferenceTypes", "ReferenceTypes\ReferenceTypes.csproj", "{2992CC72-FA07-4410-AED3-65F54FB38585}"
EndProject
Global
	GlobalSection(SolutionConfigurationPlatforms) = preSolution
		Debug|Any CPU = Debug|Any CPU
		Release|Any CPU = Release|Any CPU
	EndGlobalSection
	GlobalSection(ProjectConfigurationPlatforms) = postSolution
		{EAE81E84-C3D1-40E0-9E57-594BDF7D2494}.Debug|Any CPU.ActiveCfg = Debug|Any CPU
		{EAE81E84-C3D1-40E0-9E57-594BDF7D2494}.Debug|Any CPU.Build.0 = Debug|Any CPU
		{EAE81E84-C3D1-40E0-9E57-594BDF7D2494}.Release|Any CPU.ActiveCfg = Release|Any CPU
		{EAE81E84-C3D1-40E0-9E57-594BDF7D2494}.Release|Any CPU.Build.0 = Release|Any CPU
		{DD2EF77F-8FA0-42C6-8298-5441BC326A8B}.Debug|Any CPU.ActiveCfg = Debug|Any CPU
		{DD2EF77F-8FA0-42C6-8298-5441BC326A8B}.Debug|Any CPU.Build.0 = Debug|Any CPU
		{DD2EF77F-8FA0-42C6-8298-5441BC326A8B}.Release|Any CPU.ActiveCfg = Release|Any CPU
		{DD2EF77F-8FA0-42C6-8298-5441BC326A8B}.Release|Any CPU.Build.0 = Release|Any CPU
		{07071821-8EE0-41E1-968C-C426BF6D150F}.Debug|Any CPU.ActiveCfg = Debug|Any CPU
		{07071821-8EE0-41E1-968C-C426BF6D150F}.Debug|Any CPU.Build.0 = Debug|Any CPU
		{07071821-8EE0-41E1-968C-C426BF6D150F}.Release|Any CPU.ActiveCfg = Release|Any CPU
		{07071821-8EE0-41E1-968C-C426BF6D150F}.Release|Any CPU.Build.0 = Release|Any CPU
		{12E56EC7-D02D-475C-BB1C-E7F913F93755}.Debug|Any CPU.ActiveCfg = Debug|Any CPU
		{12E56EC7-D02D-475C-BB1C-E7F913F93755}.Debug|Any CPU.Build.0 = Debug|Any CPU
		{12E56EC7-D02D-475C-BB1C-E7F913F93755}.Release|Any CPU.ActiveCfg = Release|Any CPU
		{12E56EC7-D02D-475C-BB1C-E7F913F93755}.Release|Any CPU.Build.0 = Release|Any CPU
		{69F7391F-5D1C-44CE-89E5-DB9692FC6876}.Debug|Any CPU.ActiveCfg = Debug|Any CPU
		{69F7391F-5D1C-44CE-89E5-DB9692FC6876}.Debug|Any CPU.Build.0 = Debug|Any CPU
		{69F7391F-5D1C-44CE-89E5-DB9692FC6876}.Release|Any CPU.ActiveCfg = Release|Any CPU
		{69F7391F-5D1C-44CE-89E5-DB9692FC6876}.Release|Any CPU.Build.0 = Release|Any CPU
		{640FD5D0-548D-4857-80AB-A1D2835ED17B}.Debug|Any CPU.ActiveCfg = Debug|Any CPU
		{640FD5D0-548D-4857-80AB-A1D2835ED17B}.Debug|Any CPU.Build.0 = Debug|Any CPU
		{640FD5D0-548D-4857-80AB-A1D2835ED17B}.Release|Any CPU.ActiveCfg = Release|Any CPU
		{640FD5D0-548D-4857-80AB-A1D2835ED17B}.Release|Any CPU.Build.0 = Release|Any CPU
		{A1CE909D-539F-4121-BAB9-984B8E55DA0D}.Debug|Any CPU.ActiveCfg = Debug|Any CPU
		{A1CE909D-539F-4121-BAB9-984B8E55DA0D}.Debug|Any CPU.Build.0 = Debug|Any CPU
		{A1CE909D-539F-4121-BAB9-984B8E55DA0D}.Release|Any CPU.ActiveCfg = Release|Any CPU
		{A1CE909D-539F-4121-BAB9-984B8E55DA0D}.Release|Any CPU.Build.0 = Release|Any CPU
		{E2C9E3CA-CF40-4C6A-8E33-B6333DDA2465}.Debug|Any CPU.ActiveCfg = Debug|Any CPU
		{E2C9E3CA-CF40-4C6A-8E33-B6333DDA2465}.Debug|Any CPU.Build.0 = Debug|Any CPU
		{E2C9E3CA-CF40-4C6A-8E33-B6333DDA2465}.Release|Any CPU.ActiveCfg = Release|Any CPU
		{E2C9E3CA-CF40-4C6A-8E33-B6333DDA2465}.Release|Any CPU.Build.0 = Release|Any CPU
		{D093D225-87D5-46E5-B57A-F92A61DD003E}.Debug|Any CPU.ActiveCfg = Debug|Any CPU
		{D093D225-87D5-46E5-B57A-F92A61DD003E}.Debug|Any CPU.Build.0 = Debug|Any CPU
		{D093D225-87D5-46E5-B57A-F92A61DD003E}.Release|Any CPU.ActiveCfg = Release|Any CPU
		{D093D225-87D5-46E5-B57A-F92A61DD003E}.Release|Any CPU.Build.0 = Release|Any CPU
		{FDBE902A-A245-4EF8-9AA1-EA55424D10FA}.Debug|Any CPU.ActiveCfg = Debug|Any CPU
		{FDBE902A-A245-4EF8-9AA1-EA55424D10FA}.Debug|Any CPU.Build.0 = Debug|Any CPU
		{FDBE902A-A245-4EF8-9AA1-EA55424D10FA}.Release|Any CPU.ActiveCfg = Release|Any CPU
		{FDBE902A-A245-4EF8-9AA1-EA55424D10FA}.Release|Any CPU.Build.0 = Release|Any CPU
		{0E805434-AF1E-4DEA-ACB5-C0CC892DA25F}.Debug|Any CPU.ActiveCfg = Debug|Any CPU
		{0E805434-AF1E-4DEA-ACB5-C0CC892DA25F}.Debug|Any CPU.Build.0 = Debug|Any CPU
		{0E805434-AF1E-4DEA-ACB5-C0CC892DA25F}.Release|Any CPU.ActiveCfg = Release|Any CPU
		{0E805434-AF1E-4DEA-ACB5-C0CC892DA25F}.Release|Any CPU.Build.0 = Release|Any CPU
		{E6CF6B91-9B09-403F-B0DA-AF9202C577E2}.Debug|Any CPU.ActiveCfg = Debug|Any CPU
		{E6CF6B91-9B09-403F-B0DA-AF9202C577E2}.Debug|Any CPU.Build.0 = Debug|Any CPU
		{E6CF6B91-9B09-403F-B0DA-AF9202C577E2}.Release|Any CPU.ActiveCfg = Release|Any CPU
		{E6CF6B91-9B09-403F-B0DA-AF9202C577E2}.Release|Any CPU.Build.0 = Release|Any CPU
		{83AFFEAB-6616-4EFF-A1AB-5778D09FBE9D}.Debug|Any CPU.ActiveCfg = Debug|Any CPU
		{83AFFEAB-6616-4EFF-A1AB-5778D09FBE9D}.Debug|Any CPU.Build.0 = Debug|Any CPU
		{83AFFEAB-6616-4EFF-A1AB-5778D09FBE9D}.Release|Any CPU.ActiveCfg = Release|Any CPU
		{83AFFEAB-6616-4EFF-A1AB-5778D09FBE9D}.Release|Any CPU.Build.0 = Release|Any CPU
		{2992CC72-FA07-4410-AED3-65F54FB38585}.Debug|Any CPU.ActiveCfg = Debug|Any CPU
		{2992CC72-FA07-4410-AED3-65F54FB38585}.Debug|Any CPU.Build.0 = Debug|Any CPU
		{2992CC72-FA07-4410-AED3-65F54FB38585}.Release|Any CPU.ActiveCfg = Release|Any CPU
		{2992CC72-FA07-4410-AED3-65F54FB38585}.Release|Any CPU.Build.0 = Release|Any CPU
	EndGlobalSection
	GlobalSection(SolutionProperties) = preSolution
		HideSolutionNode = FALSE
	EndGlobalSection
	GlobalSection(ExtensibilityGlobals) = postSolution
		SolutionGuid = {B2631D80-F488-4D20-A1B9-86AB1D02F01A}
	EndGlobalSection
EndGlobal
