
Microsoft Visual Studio Solution File, Format Version 12.00
# Visual Studio Version 16
VisualStudioVersion = 16.0.30907.101
MinimumVisualStudioVersion = 10.0.40219.1
Project("{9A19103F-16F7-4668-BE54-9A1E7A4F7556}") = "KampIntro", "KampIntro\KampIntro.csproj", "{EAE81E84-C3D1-40E0-9E57-594BDF7D2494}"
EndProject
Project("{9A19103F-16F7-4668-BE54-9A1E7A4F7556}") = "Donguler", "Donguler\Donguler.csproj", "{DD2EF77F-8FA0-42C6-8298-5441BC326A8B}"
EndProject
Project("{9A19103F-16F7-4668-BE54-9A1E7A4F7556}") = "ClassIntro", "ClassIntro\ClassIntro.csproj", "{07071821-8EE0-41E1-968C-C426BF6D150F}"
EndProject
Project("{9A19103F-16F7-4668-BE54-9A1E7A4F7556}") = "Metodlar", "Metodlar\Metodlar.csproj", "{12E56EC7-D02D-475C-BB1C-E7F913F93755}"
EndProject
Project("{FAE04EC0-301F-11D3-BF4B-00C04F79EFBC}") = "Matematik", "Matematik\Matematik.csproj", "{69F7391F-5D1C-44CE-89E5-DB9692FC6876}"
EndProject
Project("{FAE04EC0-301F-11D3-BF4B-00C04F79EFBC}") = "DegerVeReferansTipler", "DegerVeReferansTipler\DegerVeReferansTipler.csproj", "{640FD5D0-548D-4857-80AB-A1D2835ED17B}"
EndProject
Global
	GlobalSection(SolutionConfigurationPlatforms) = preSolution
		Debug|Any CPU = Debug|Any CPU
		Release|Any CPU = Release|Any CPU
	EndGlobalSection
	GlobalSection(ProjectConfigurationPlatforms) = postSolution
		{EAE81E84-C3D1-40E0-9E57-594BDF7D2494}.Debug|Any CPU.ActiveCfg = Debug|Any CPU
		{EAE81E84-C3D1-40E0-9E57-594BDF7D2494}.Debug|Any CPU.Build.0 = Debug|Any CPU
		{EAE81E84-C3D1-40E0-9E57-594BDF7D2494}.Release|Any CPU.ActiveCfg = Release|Any CPU
		{EAE81E84-C3D1-40E0-9E57-594BDF7D2494}.Release|Any CPU.Build.0 = Release|Any CPU
		{DD2EF77F-8FA0-42C6-8298-5441BC326A8B}.Debug|Any CPU.ActiveCfg = Debug|Any CPU
		{DD2EF77F-8FA0-42C6-8298-5441BC326A8B}.Debug|Any CPU.Build.0 = Debug|Any CPU
		{DD2EF77F-8FA0-42C6-8298-5441BC326A8B}.Release|Any CPU.ActiveCfg = Release|Any CPU
		{DD2EF77F-8FA0-42C6-8298-5441BC326A8B}.Release|Any CPU.Build.0 = Release|Any CPU
		{07071821-8EE0-41E1-968C-C426BF6D150F}.Debug|Any CPU.ActiveCfg = Debug|Any CPU
		{07071821-8EE0-41E1-968C-C426BF6D150F}.Debug|Any CPU.Build.0 = Debug|Any CPU
		{07071821-8EE0-41E1-968C-C426BF6D150F}.Release|Any CPU.ActiveCfg = Release|Any CPU
		{07071821-8EE0-41E1-968C-C426BF6D150F}.Release|Any CPU.Build.0 = Release|Any CPU
		{12E56EC7-D02D-475C-BB1C-E7F913F93755}.Debug|Any CPU.ActiveCfg = Debug|Any CPU
		{12E56EC7-D02D-475C-BB1C-E7F913F93755}.Debug|Any CPU.Build.0 = Debug|Any CPU
		{12E56EC7-D02D-475C-BB1C-E7F913F93755}.Release|Any CPU.ActiveCfg = Release|Any CPU
		{12E56EC7-D02D-475C-BB1C-E7F913F93755}.Release|Any CPU.Build.0 = Release|Any CPU
		{69F7391F-5D1C-44CE-89E5-DB9692FC6876}.Debug|Any CPU.ActiveCfg = Debug|Any CPU
		{69F7391F-5D1C-44CE-89E5-DB9692FC6876}.Debug|Any CPU.Build.0 = Debug|Any CPU
		{69F7391F-5D1C-44CE-89E5-DB9692FC6876}.Release|Any CPU.ActiveCfg = Release|Any CPU
		{69F7391F-5D1C-44CE-89E5-DB9692FC6876}.Release|Any CPU.Build.0 = Release|Any CPU
		{640FD5D0-548D-4857-80AB-A1D2835ED17B}.Debug|Any CPU.ActiveCfg = Debug|Any CPU
		{640FD5D0-548D-4857-80AB-A1D2835ED17B}.Debug|Any CPU.Build.0 = Debug|Any CPU
		{640FD5D0-548D-4857-80AB-A1D2835ED17B}.Release|Any CPU.ActiveCfg = Release|Any CPU
		{640FD5D0-548D-4857-80AB-A1D2835ED17B}.Release|Any CPU.Build.0 = Release|Any CPU
	EndGlobalSection
	GlobalSection(SolutionProperties) = preSolution
		HideSolutionNode = FALSE
	EndGlobalSection
	GlobalSection(ExtensibilityGlobals) = postSolution
		SolutionGuid = {B2631D80-F488-4D20-A1B9-86AB1D02F01A}
	EndGlobalSection
EndGlobal
